
Microsoft Visual Studio Solution File, Format Version 12.00
Project("{FAE04EC0-301F-11D3-BF4B-00C04F79EFBC}") = "SendEmail", "SendEmail\SendEmail.csproj", "{DCABE926-6F15-410E-82A9-58E1B67CEC98}"
EndProject
Global
	GlobalSection(SolutionConfigurationPlatforms) = preSolution
		Debug|Any CPU = Debug|Any CPU
		Release|Any CPU = Release|Any CPU
	EndGlobalSection
	GlobalSection(ProjectConfigurationPlatforms) = postSolution
		{DCABE926-6F15-410E-82A9-58E1B67CEC98}.Debug|Any CPU.ActiveCfg = Debug|Any CPU
		{DCABE926-6F15-410E-82A9-58E1B67CEC98}.Debug|Any CPU.Build.0 = Debug|Any CPU
		{DCABE926-6F15-410E-82A9-58E1B67CEC98}.Release|Any CPU.ActiveCfg = Release|Any CPU
		{DCABE926-6F15-410E-82A9-58E1B67CEC98}.Release|Any CPU.Build.0 = Release|Any CPU
	EndGlobalSection
EndGlobal
